
Microsoft Visual Studio Solution File, Format Version 12.00
# Visual Studio Version 17
VisualStudioVersion = 17.9.34714.143
MinimumVisualStudioVersion = 10.0.40219.1
Project("{9A19103F-16F7-4668-BE54-9A1E7A4F7556}") = "Commerce.Domain", "Commerce.Domain\Commerce.Domain.csproj", "{5F61D253-1486-4C35-8AF7-5B97A15B474E}"
EndProject
Project("{9A19103F-16F7-4668-BE54-9A1E7A4F7556}") = "Commerce.Application", "Commerce.Application\Commerce.Application.csproj", "{F266EA87-8389-4B2F-93B0-98CFF51C0849}"
EndProject
Project("{9A19103F-16F7-4668-BE54-9A1E7A4F7556}") = "Commerce.Infrastructure", "Commerce.Infrastructure\Commerce.Infrastructure.csproj", "{FB4D557B-F0B4-417D-82BF-B6CCA7BB0ED9}"
EndProject
Project("{9A19103F-16F7-4668-BE54-9A1E7A4F7556}") = "Commerce.API", "Commerce.API\Commerce.API.csproj", "{38F81D1B-1E74-4913-B0CD-0D6F9132E6AF}"
EndProject
Project("{FAE04EC0-301F-11D3-BF4B-00C04F79EFBC}") = "Commerce.Test", "Commerce.Test\Commerce.Test.csproj", "{F414C4A7-D5F3-467C-93C2-D053E7D676E9}"
EndProject
Global
	GlobalSection(SolutionConfigurationPlatforms) = preSolution
		Debug|Any CPU = Debug|Any CPU
		Release|Any CPU = Release|Any CPU
	EndGlobalSection
	GlobalSection(ProjectConfigurationPlatforms) = postSolution
		{5F61D253-1486-4C35-8AF7-5B97A15B474E}.Debug|Any CPU.ActiveCfg = Debug|Any CPU
		{5F61D253-1486-4C35-8AF7-5B97A15B474E}.Debug|Any CPU.Build.0 = Debug|Any CPU
		{5F61D253-1486-4C35-8AF7-5B97A15B474E}.Release|Any CPU.ActiveCfg = Release|Any CPU
		{5F61D253-1486-4C35-8AF7-5B97A15B474E}.Release|Any CPU.Build.0 = Release|Any CPU
		{F266EA87-8389-4B2F-93B0-98CFF51C0849}.Debug|Any CPU.ActiveCfg = Debug|Any CPU
		{F266EA87-8389-4B2F-93B0-98CFF51C0849}.Debug|Any CPU.Build.0 = Debug|Any CPU
		{F266EA87-8389-4B2F-93B0-98CFF51C0849}.Release|Any CPU.ActiveCfg = Release|Any CPU
		{F266EA87-8389-4B2F-93B0-98CFF51C0849}.Release|Any CPU.Build.0 = Release|Any CPU
		{FB4D557B-F0B4-417D-82BF-B6CCA7BB0ED9}.Debug|Any CPU.ActiveCfg = Debug|Any CPU
		{FB4D557B-F0B4-417D-82BF-B6CCA7BB0ED9}.Debug|Any CPU.Build.0 = Debug|Any CPU
		{FB4D557B-F0B4-417D-82BF-B6CCA7BB0ED9}.Release|Any CPU.ActiveCfg = Release|Any CPU
		{FB4D557B-F0B4-417D-82BF-B6CCA7BB0ED9}.Release|Any CPU.Build.0 = Release|Any CPU
		{38F81D1B-1E74-4913-B0CD-0D6F9132E6AF}.Debug|Any CPU.ActiveCfg = Debug|Any CPU
		{38F81D1B-1E74-4913-B0CD-0D6F9132E6AF}.Debug|Any CPU.Build.0 = Debug|Any CPU
		{38F81D1B-1E74-4913-B0CD-0D6F9132E6AF}.Release|Any CPU.ActiveCfg = Release|Any CPU
		{38F81D1B-1E74-4913-B0CD-0D6F9132E6AF}.Release|Any CPU.Build.0 = Release|Any CPU
		{F414C4A7-D5F3-467C-93C2-D053E7D676E9}.Debug|Any CPU.ActiveCfg = Debug|Any CPU
		{F414C4A7-D5F3-467C-93C2-D053E7D676E9}.Debug|Any CPU.Build.0 = Debug|Any CPU
		{F414C4A7-D5F3-467C-93C2-D053E7D676E9}.Release|Any CPU.ActiveCfg = Release|Any CPU
		{F414C4A7-D5F3-467C-93C2-D053E7D676E9}.Release|Any CPU.Build.0 = Release|Any CPU
	EndGlobalSection
	GlobalSection(SolutionProperties) = preSolution
		HideSolutionNode = FALSE
	EndGlobalSection
	GlobalSection(ExtensibilityGlobals) = postSolution
		SolutionGuid = {3ED3637A-DB18-43C2-9B4B-20227E62B204}
	EndGlobalSection
EndGlobal
